
Microsoft Visual Studio Solution File, Format Version 12.00
# Visual Studio Version 17
VisualStudioVersion = 17.3.32901.215
MinimumVisualStudioVersion = 10.0.40219.1
Project("{FAE04EC0-301F-11D3-BF4B-00C04F79EFBC}") = "c", "c\c.csproj", "{C09B2078-0195-41EE-A706-A42E2A90F8BC}"
EndProject
Global
	GlobalSection(SolutionConfigurationPlatforms) = preSolution
		Debug|Any CPU = Debug|Any CPU
		Release|Any CPU = Release|Any CPU
	EndGlobalSection
	GlobalSection(ProjectConfigurationPlatforms) = postSolution
		{C09B2078-0195-41EE-A706-A42E2A90F8BC}.Debug|Any CPU.ActiveCfg = Debug|Any CPU
		{C09B2078-0195-41EE-A706-A42E2A90F8BC}.Debug|Any CPU.Build.0 = Debug|Any CPU
		{C09B2078-0195-41EE-A706-A42E2A90F8BC}.Release|Any CPU.ActiveCfg = Release|Any CPU
		{C09B2078-0195-41EE-A706-A42E2A90F8BC}.Release|Any CPU.Build.0 = Release|Any CPU
	EndGlobalSection
	GlobalSection(SolutionProperties) = preSolution
		HideSolutionNode = FALSE
	EndGlobalSection
	GlobalSection(ExtensibilityGlobals) = postSolution
		SolutionGuid = {58FD25EB-9309-4E5A-A6B7-DD5DCFC50D1D}
	EndGlobalSection
EndGlobal
